{
  "version": 4,
  "terraform_version": "1.5.4",
  "serial": 9,
  "lineage": "a97a637c-4529-5eb1-533b-08b0b1bae932",
  "outputs": {},
  "resources": [
    {
      "mode": "data",
      "type": "aws_caller_identity",
      "name": "current",
      "provider": "provider[\"registry.terraform.io/hashicorp/aws\"]",
      "instances": [
        {
          "schema_version": 0,
          "attributes": {
            "account_id": "600259904892",
            "arn": "arn:aws:sts::600259904892:assumed-role/AWSReservedSSO_AdministratorAccess_518067916d1901af/arda.sesen@commencis.com",
            "id": "600259904892",
            "user_id": "AROAYXQSHIV6NICRMYQAO:arda.sesen@commencis.com"
          },
          "sensitive_attributes": []
        }
      ]
    },
    {
      "mode": "managed",
      "type": "aws_dynamodb_table",
      "name": "noncompliance_table",
      "provider": "provider[\"registry.terraform.io/hashicorp/aws\"]",
      "instances": [
        {
          "schema_version": 1,
          "attributes": {
            "arn": "arn:aws:dynamodb:eu-central-1:600259904892:table/nonComplianceTable",
            "attribute": [
              {
                "name": "creator",
                "type": "S"
              }
            ],
            "billing_mode": "PROVISIONED",
            "deletion_protection_enabled": false,
            "global_secondary_index": [],
            "hash_key": "creator",
            "id": "nonComplianceTable",
            "local_secondary_index": [],
            "name": "nonComplianceTable",
            "point_in_time_recovery": [
              {
                "enabled": false
              }
            ],
            "range_key": null,
            "read_capacity": 5,
            "replica": [],
            "restore_date_time": null,
            "restore_source_name": null,
            "restore_to_latest_time": null,
            "server_side_encryption": [],
            "stream_arn": "",
            "stream_enabled": false,
            "stream_label": "",
            "stream_view_type": "",
            "table_class": "STANDARD",
            "tags": {},
            "tags_all": {},
            "timeouts": null,
            "ttl": [
              {
                "attribute_name": "",
                "enabled": false
              }
            ],
            "write_capacity": 5
          },
          "sensitive_attributes": [],
          "private": "eyJlMmJmYjczMC1lY2FhLTExZTYtOGY4OC0zNDM2M2JjN2M0YzAiOnsiY3JlYXRlIjoxODAwMDAwMDAwMDAwLCJkZWxldGUiOjYwMDAwMDAwMDAwMCwidXBkYXRlIjozNjAwMDAwMDAwMDAwfSwic2NoZW1hX3ZlcnNpb24iOiIxIn0="
        }
      ]
    },
    {
      "mode": "managed",
      "type": "aws_iam_role",
      "name": "iam_for_lambda",
      "provider": "provider[\"registry.terraform.io/hashicorp/aws\"]",
      "instances": [
        {
          "schema_version": 0,
          "attributes": {
            "arn": "arn:aws:iam::600259904892:role/nonComplianceDashboard_execution",
            "assume_role_policy": "{\"Statement\":[{\"Action\":\"sts:AssumeRole\",\"Effect\":\"Allow\",\"Principal\":{\"Service\":\"lambda.amazonaws.com\"}}],\"Version\":\"2012-10-17\"}",
            "create_date": "2023-08-11T12:34:47Z",
            "description": "",
            "force_detach_policies": false,
            "id": "nonComplianceDashboard_execution",
            "inline_policy": [
              {
                "name": "nonComplianceDashboard_execution_policy",
                "policy": "{\"Version\":\"2012-10-17\",\"Statement\":[{\"Action\":\"logs:CreateLogGroup\",\"Effect\":\"Allow\",\"Resource\":\"arn:aws:logs:eu-central-1:600259904892:*\",\"Sid\":\"VisualEditor0\"},{\"Action\":[\"logs:CreateLogStream\",\"logs:PutLogEvents\"],\"Effect\":\"Allow\",\"Resource\":[\"arn:aws:logs:eu-central-1:600259904892:log-group:/aws/lambda/nonComplianceDashboard:*\"],\"Sid\":\"VisualEditor1\"},{\"Action\":[\"dynamodb:read\"],\"Effect\":\"Allow\",\"Resource\":[\"arn:aws:dynamodb:eu-central-1:600259904892:table/nonComplianceTable\"],\"Sid\":\"VisualEditor3\"}]}"
              }
            ],
            "managed_policy_arns": [],
            "max_session_duration": 3600,
            "name": "nonComplianceDashboard_execution",
            "name_prefix": "",
            "path": "/",
            "permissions_boundary": null,
            "tags": {},
            "tags_all": {},
            "unique_id": "AROAYXQSHIV6BAWYLWXOZ"
          },
          "sensitive_attributes": [],
          "private": "bnVsbA=="
        }
      ]
    },
    {
      "mode": "managed",
      "type": "aws_iam_role_policy",
      "name": "iam_policy_for_lambda",
      "provider": "provider[\"registry.terraform.io/hashicorp/aws\"]",
      "instances": [
        {
          "schema_version": 0,
          "attributes": {
            "id": "nonComplianceDashboard_execution:nonComplianceDashboard_execution_policy",
            "name": "nonComplianceDashboard_execution_policy",
            "name_prefix": null,
            "policy": "{\"Version\":\"2012-10-17\",\"Statement\":[{\"Action\":\"logs:CreateLogGroup\",\"Effect\":\"Allow\",\"Resource\":\"arn:aws:logs:eu-central-1:600259904892:*\",\"Sid\":\"VisualEditor0\"},{\"Action\":[\"logs:CreateLogStream\",\"logs:PutLogEvents\"],\"Effect\":\"Allow\",\"Resource\":[\"arn:aws:logs:eu-central-1:600259904892:log-group:/aws/lambda/nonComplianceDashboard:*\"],\"Sid\":\"VisualEditor1\"},{\"Action\":[\"dynamodb:read\"],\"Effect\":\"Allow\",\"Resource\":[\"arn:aws:dynamodb:eu-central-1:600259904892:table/nonComplianceTable\"],\"Sid\":\"VisualEditor3\"}]}",
            "role": "nonComplianceDashboard_execution"
          },
          "sensitive_attributes": [],
          "private": "bnVsbA==",
          "dependencies": [
            "aws_iam_role.iam_for_lambda",
            "data.aws_caller_identity.current"
          ]
        }
      ]
    },
    {
      "mode": "managed",
      "type": "aws_lambda_function",
      "name": "lambda_function",
      "provider": "provider[\"registry.terraform.io/hashicorp/aws\"]",
      "instances": [
        {
          "schema_version": 0,
          "attributes": {
            "architectures": [
              "x86_64"
            ],
            "arn": "arn:aws:lambda:eu-central-1:600259904892:function:nonComplianceDashboard",
            "code_signing_config_arn": "",
            "dead_letter_config": [],
            "description": "",
            "environment": [
              {
                "variables": {
                  "DYNAMODB_ARN": "arn:aws:dynamodb:eu-central-1:600259904892:table/nonComplianceTable"
                }
              }
            ],
            "ephemeral_storage": [
              {
                "size": 512
              }
            ],
            "file_system_config": [],
            "filename": "lambda_handler.zip",
            "function_name": "nonComplianceDashboard",
            "handler": "lambda_handler.lambda_handler",
            "id": "nonComplianceDashboard",
            "image_config": [],
            "image_uri": "",
            "invoke_arn": "arn:aws:apigateway:eu-central-1:lambda:path/2015-03-31/functions/arn:aws:lambda:eu-central-1:600259904892:function:nonComplianceDashboard/invocations",
            "kms_key_arn": "",
            "last_modified": "2023-08-11T12:35:32.572+0000",
            "layers": null,
            "memory_size": 128,
            "package_type": "Zip",
            "publish": false,
            "qualified_arn": "arn:aws:lambda:eu-central-1:600259904892:function:nonComplianceDashboard:$LATEST",
            "qualified_invoke_arn": "arn:aws:apigateway:eu-central-1:lambda:path/2015-03-31/functions/arn:aws:lambda:eu-central-1:600259904892:function:nonComplianceDashboard:$LATEST/invocations",
            "replace_security_groups_on_destroy": null,
            "replacement_security_group_ids": null,
            "reserved_concurrent_executions": -1,
            "role": "arn:aws:iam::600259904892:role/nonComplianceDashboard_execution",
            "runtime": "python3.11",
            "s3_bucket": null,
            "s3_key": null,
            "s3_object_version": null,
            "signing_job_arn": "",
            "signing_profile_version_arn": "",
            "skip_destroy": false,
            "snap_start": [],
            "source_code_hash": "nV5HKpYonIYX/64+/CWPX2qCwbDG3v2HW6doNayy5YM=",
            "source_code_size": 747,
            "tags": null,
            "tags_all": {},
            "timeout": 300,
            "timeouts": null,
            "tracing_config": [
              {
                "mode": "PassThrough"
              }
            ],
            "version": "$LATEST",
            "vpc_config": []
          },
          "sensitive_attributes": [],
          "private": "eyJlMmJmYjczMC1lY2FhLTExZTYtOGY4OC0zNDM2M2JjN2M0YzAiOnsiY3JlYXRlIjo2MDAwMDAwMDAwMDAsImRlbGV0ZSI6NjAwMDAwMDAwMDAwLCJ1cGRhdGUiOjYwMDAwMDAwMDAwMH19",
          "dependencies": [
            "aws_dynamodb_table.noncompliance_table",
            "aws_iam_role.iam_for_lambda"
          ]
        }
      ]
    }
  ],
  "check_results": null
}
